
Microsoft Visual Studio Solution File, Format Version 12.00
# Visual Studio Version 16
VisualStudioVersion = 16.0.29613.14
MinimumVisualStudioVersion = 10.0.40219.1
Project("{FAE04EC0-301F-11D3-BF4B-00C04F79EFBC}") = "Binding3", "Binding3\WpfBinding3\Binding3.csproj", "{F029157E-5332-489D-BD57-9223AEE053D0}"
EndProject
Project("{FAE04EC0-301F-11D3-BF4B-00C04F79EFBC}") = "Books", "Books\BooksWPF\Books.csproj", "{36698CE3-73B1-4A46-8E8B-E58AF5313AC3}"
EndProject
Project("{FAE04EC0-301F-11D3-BF4B-00C04F79EFBC}") = "Calc", "Calc\WpfCalc\Calc.csproj", "{52D361EC-315E-422B-A7B9-1852267CE905}"
EndProject
Project("{FAE04EC0-301F-11D3-BF4B-00C04F79EFBC}") = "Practice3_MVVM", "Practice3_Persons\Practice3_MVVM.csproj", "{6610FD01-5F59-40E9-85A6-6038D5BF6BF4}"
EndProject
Project("{FAE04EC0-301F-11D3-BF4B-00C04F79EFBC}") = "ZzaDashboard", "ZzaDashboard\ZzaDashboard.csproj", "{B4BAF275-1AAD-408E-AC04-1DBE32FD855E}"
EndProject
Project("{FAE04EC0-301F-11D3-BF4B-00C04F79EFBC}") = "Zza.Data", "Zza.Data\Zza.Data.csproj", "{BB1E80DE-E6D1-4E29-BC2D-DB66B81163C5}"
EndProject
Project("{FAE04EC0-301F-11D3-BF4B-00C04F79EFBC}") = "January_25", "January_25\January_25.csproj", "{E8B7F7D1-07D8-4599-A011-D5C5F0095F0E}"
EndProject
Project("{FAE04EC0-301F-11D3-BF4B-00C04F79EFBC}") = "January_25_StyleTrigger", "January_25_StyleTrigger\January_25_StyleTrigger.csproj", "{EF43B5C1-B339-4347-9CC0-B4EF4B8208E9}"
EndProject
Project("{FAE04EC0-301F-11D3-BF4B-00C04F79EFBC}") = "Magazin", "Magazin\Magazin.csproj", "{FB6A5BED-F7A4-460D-A652-629D0BB80D1F}"
EndProject
Project("{9A19103F-16F7-4668-BE54-9A1E7A4F7556}") = "EF_WPF_practice1", "EF_WPF_practice1\EF_WPF_practice1.csproj", "{A0CBFEE8-EF78-47D3-A97E-75B7312BF124}"
EndProject
Project("{9A19103F-16F7-4668-BE54-9A1E7A4F7556}") = "EF_WPF_practice1_1", "EF_WPF_practice1_1\EF_WPF_practice1_1.csproj", "{B740939B-26DE-4047-975D-1600571F4AAE}"
EndProject
Project("{9A19103F-16F7-4668-BE54-9A1E7A4F7556}") = "SchoolDbLections", "SchoolDbLections\SchoolDbLections.csproj", "{534E1A0F-DFEA-4D82-AE4F-B6D4637CC9FC}"
EndProject
Project("{FAE04EC0-301F-11D3-BF4B-00C04F79EFBC}") = "HRdatabase", "HRdatabase\HRdatabase.csproj", "{7F375F0C-42C5-4339-8552-E74E943B901B}"
EndProject
Project("{FAE04EC0-301F-11D3-BF4B-00C04F79EFBC}") = "MovieDatabase", "MovieDatabase\MovieDatabase.csproj", "{045B10A7-B013-4D58-9FA1-BFB77B19805D}"
EndProject
Project("{FAE04EC0-301F-11D3-BF4B-00C04F79EFBC}") = "HRdatabaseFluentApi", "HRdatabaseFluentApi\HRdatabaseFluentApi.csproj", "{424BF160-E652-42E8-B575-50A8D82B093D}"
EndProject
Project("{FAE04EC0-301F-11D3-BF4B-00C04F79EFBC}") = "HRdatabaseDbFirst", "HRdatabaseDbFirst\HRdatabaseDbFirst.csproj", "{501069A1-E521-487C-A333-7E17642A4615}"
EndProject
Global
	GlobalSection(SolutionConfigurationPlatforms) = preSolution
		Debug|Any CPU = Debug|Any CPU
		Release|Any CPU = Release|Any CPU
	EndGlobalSection
	GlobalSection(ProjectConfigurationPlatforms) = postSolution
		{F029157E-5332-489D-BD57-9223AEE053D0}.Debug|Any CPU.ActiveCfg = Debug|Any CPU
		{F029157E-5332-489D-BD57-9223AEE053D0}.Debug|Any CPU.Build.0 = Debug|Any CPU
		{F029157E-5332-489D-BD57-9223AEE053D0}.Release|Any CPU.ActiveCfg = Release|Any CPU
		{F029157E-5332-489D-BD57-9223AEE053D0}.Release|Any CPU.Build.0 = Release|Any CPU
		{36698CE3-73B1-4A46-8E8B-E58AF5313AC3}.Debug|Any CPU.ActiveCfg = Debug|Any CPU
		{36698CE3-73B1-4A46-8E8B-E58AF5313AC3}.Debug|Any CPU.Build.0 = Debug|Any CPU
		{36698CE3-73B1-4A46-8E8B-E58AF5313AC3}.Release|Any CPU.ActiveCfg = Release|Any CPU
		{36698CE3-73B1-4A46-8E8B-E58AF5313AC3}.Release|Any CPU.Build.0 = Release|Any CPU
		{52D361EC-315E-422B-A7B9-1852267CE905}.Debug|Any CPU.ActiveCfg = Debug|Any CPU
		{52D361EC-315E-422B-A7B9-1852267CE905}.Debug|Any CPU.Build.0 = Debug|Any CPU
		{52D361EC-315E-422B-A7B9-1852267CE905}.Release|Any CPU.ActiveCfg = Release|Any CPU
		{52D361EC-315E-422B-A7B9-1852267CE905}.Release|Any CPU.Build.0 = Release|Any CPU
		{6610FD01-5F59-40E9-85A6-6038D5BF6BF4}.Debug|Any CPU.ActiveCfg = Debug|Any CPU
		{6610FD01-5F59-40E9-85A6-6038D5BF6BF4}.Debug|Any CPU.Build.0 = Debug|Any CPU
		{6610FD01-5F59-40E9-85A6-6038D5BF6BF4}.Release|Any CPU.ActiveCfg = Release|Any CPU
		{6610FD01-5F59-40E9-85A6-6038D5BF6BF4}.Release|Any CPU.Build.0 = Release|Any CPU
		{B4BAF275-1AAD-408E-AC04-1DBE32FD855E}.Debug|Any CPU.ActiveCfg = Debug|Any CPU
		{B4BAF275-1AAD-408E-AC04-1DBE32FD855E}.Debug|Any CPU.Build.0 = Debug|Any CPU
		{B4BAF275-1AAD-408E-AC04-1DBE32FD855E}.Release|Any CPU.ActiveCfg = Release|Any CPU
		{B4BAF275-1AAD-408E-AC04-1DBE32FD855E}.Release|Any CPU.Build.0 = Release|Any CPU
		{BB1E80DE-E6D1-4E29-BC2D-DB66B81163C5}.Debug|Any CPU.ActiveCfg = Debug|Any CPU
		{BB1E80DE-E6D1-4E29-BC2D-DB66B81163C5}.Debug|Any CPU.Build.0 = Debug|Any CPU
		{BB1E80DE-E6D1-4E29-BC2D-DB66B81163C5}.Release|Any CPU.ActiveCfg = Release|Any CPU
		{BB1E80DE-E6D1-4E29-BC2D-DB66B81163C5}.Release|Any CPU.Build.0 = Release|Any CPU
		{E8B7F7D1-07D8-4599-A011-D5C5F0095F0E}.Debug|Any CPU.ActiveCfg = Debug|Any CPU
		{E8B7F7D1-07D8-4599-A011-D5C5F0095F0E}.Debug|Any CPU.Build.0 = Debug|Any CPU
		{E8B7F7D1-07D8-4599-A011-D5C5F0095F0E}.Release|Any CPU.ActiveCfg = Release|Any CPU
		{E8B7F7D1-07D8-4599-A011-D5C5F0095F0E}.Release|Any CPU.Build.0 = Release|Any CPU
		{EF43B5C1-B339-4347-9CC0-B4EF4B8208E9}.Debug|Any CPU.ActiveCfg = Debug|Any CPU
		{EF43B5C1-B339-4347-9CC0-B4EF4B8208E9}.Debug|Any CPU.Build.0 = Debug|Any CPU
		{EF43B5C1-B339-4347-9CC0-B4EF4B8208E9}.Release|Any CPU.ActiveCfg = Release|Any CPU
		{EF43B5C1-B339-4347-9CC0-B4EF4B8208E9}.Release|Any CPU.Build.0 = Release|Any CPU
		{FB6A5BED-F7A4-460D-A652-629D0BB80D1F}.Debug|Any CPU.ActiveCfg = Debug|Any CPU
		{FB6A5BED-F7A4-460D-A652-629D0BB80D1F}.Debug|Any CPU.Build.0 = Debug|Any CPU
		{FB6A5BED-F7A4-460D-A652-629D0BB80D1F}.Release|Any CPU.ActiveCfg = Release|Any CPU
		{FB6A5BED-F7A4-460D-A652-629D0BB80D1F}.Release|Any CPU.Build.0 = Release|Any CPU
		{A0CBFEE8-EF78-47D3-A97E-75B7312BF124}.Debug|Any CPU.ActiveCfg = Debug|Any CPU
		{A0CBFEE8-EF78-47D3-A97E-75B7312BF124}.Debug|Any CPU.Build.0 = Debug|Any CPU
		{A0CBFEE8-EF78-47D3-A97E-75B7312BF124}.Release|Any CPU.ActiveCfg = Release|Any CPU
		{A0CBFEE8-EF78-47D3-A97E-75B7312BF124}.Release|Any CPU.Build.0 = Release|Any CPU
		{B740939B-26DE-4047-975D-1600571F4AAE}.Debug|Any CPU.ActiveCfg = Debug|Any CPU
		{B740939B-26DE-4047-975D-1600571F4AAE}.Debug|Any CPU.Build.0 = Debug|Any CPU
		{B740939B-26DE-4047-975D-1600571F4AAE}.Release|Any CPU.ActiveCfg = Release|Any CPU
		{B740939B-26DE-4047-975D-1600571F4AAE}.Release|Any CPU.Build.0 = Release|Any CPU
		{534E1A0F-DFEA-4D82-AE4F-B6D4637CC9FC}.Debug|Any CPU.ActiveCfg = Debug|Any CPU
		{534E1A0F-DFEA-4D82-AE4F-B6D4637CC9FC}.Debug|Any CPU.Build.0 = Debug|Any CPU
		{534E1A0F-DFEA-4D82-AE4F-B6D4637CC9FC}.Release|Any CPU.ActiveCfg = Release|Any CPU
		{534E1A0F-DFEA-4D82-AE4F-B6D4637CC9FC}.Release|Any CPU.Build.0 = Release|Any CPU
		{7F375F0C-42C5-4339-8552-E74E943B901B}.Debug|Any CPU.ActiveCfg = Debug|Any CPU
		{7F375F0C-42C5-4339-8552-E74E943B901B}.Debug|Any CPU.Build.0 = Debug|Any CPU
		{7F375F0C-42C5-4339-8552-E74E943B901B}.Release|Any CPU.ActiveCfg = Release|Any CPU
		{7F375F0C-42C5-4339-8552-E74E943B901B}.Release|Any CPU.Build.0 = Release|Any CPU
		{045B10A7-B013-4D58-9FA1-BFB77B19805D}.Debug|Any CPU.ActiveCfg = Debug|Any CPU
		{045B10A7-B013-4D58-9FA1-BFB77B19805D}.Debug|Any CPU.Build.0 = Debug|Any CPU
		{045B10A7-B013-4D58-9FA1-BFB77B19805D}.Release|Any CPU.ActiveCfg = Release|Any CPU
		{045B10A7-B013-4D58-9FA1-BFB77B19805D}.Release|Any CPU.Build.0 = Release|Any CPU
		{424BF160-E652-42E8-B575-50A8D82B093D}.Debug|Any CPU.ActiveCfg = Debug|Any CPU
		{424BF160-E652-42E8-B575-50A8D82B093D}.Debug|Any CPU.Build.0 = Debug|Any CPU
		{424BF160-E652-42E8-B575-50A8D82B093D}.Release|Any CPU.ActiveCfg = Release|Any CPU
		{424BF160-E652-42E8-B575-50A8D82B093D}.Release|Any CPU.Build.0 = Release|Any CPU
		{501069A1-E521-487C-A333-7E17642A4615}.Debug|Any CPU.ActiveCfg = Debug|Any CPU
		{501069A1-E521-487C-A333-7E17642A4615}.Debug|Any CPU.Build.0 = Debug|Any CPU
		{501069A1-E521-487C-A333-7E17642A4615}.Release|Any CPU.ActiveCfg = Release|Any CPU
		{501069A1-E521-487C-A333-7E17642A4615}.Release|Any CPU.Build.0 = Release|Any CPU
	EndGlobalSection
	GlobalSection(SolutionProperties) = preSolution
		HideSolutionNode = FALSE
	EndGlobalSection
	GlobalSection(ExtensibilityGlobals) = postSolution
		SolutionGuid = {EA694B9B-D1E6-456E-A49E-18FED6CD2041}
	EndGlobalSection
EndGlobal
